{
    "version": 3,
    "terraform_version": "0.11.13",
    "serial": 6,
    "lineage": "280132af-9757-3358-3e29-d10cd3d94eff",
    "modules": [
        {
            "path": [
                "root"
            ],
            "outputs": {
                "gitlab-ci_external_ip": {
                    "sensitive": false,
                    "type": "string",
                    "value": "34.76.230.23"
                }
            },
            "resources": {
                "google_compute_address.gitlab-ci": {
                    "type": "google_compute_address",
                    "depends_on": [],
                    "primary": {
                        "id": "docker-239621/europe-west1/gitlab-ci-ip",
                        "attributes": {
                            "address": "35.195.177.12",
                            "address_type": "EXTERNAL",
                            "creation_timestamp": "2019-05-30T05:06:00.481-07:00",
                            "description": "",
                            "id": "docker-239621/europe-west1/gitlab-ci-ip",
                            "name": "gitlab-ci-ip",
                            "network_tier": "PREMIUM",
                            "project": "docker-239621",
                            "region": "europe-west1",
                            "self_link": "https://www.googleapis.com/compute/v1/projects/docker-239621/regions/europe-west1/addresses/gitlab-ci-ip",
                            "subnetwork": "",
                            "users.#": "0"
                        },
                        "meta": {
                            "e2bfb730-ecaa-11e6-8f88-34363bc7c4c0": {
                                "create": 240000000000,
                                "delete": 240000000000
                            }
                        },
                        "tainted": false
                    },
                    "deposed": [],
                    "provider": "provider.google"
                },
                "google_compute_instance.gitlab-ci": {
                    "type": "google_compute_instance",
                    "depends_on": [],
                    "primary": {
                        "id": "gitlab-ci",
                        "attributes": {
                            "attached_disk.#": "0",
                            "boot_disk.#": "1",
                            "boot_disk.0.auto_delete": "true",
                            "boot_disk.0.device_name": "persistent-disk-0",
                            "boot_disk.0.disk_encryption_key_raw": "",
                            "boot_disk.0.disk_encryption_key_sha256": "",
                            "boot_disk.0.initialize_params.#": "1",
                            "boot_disk.0.initialize_params.0.image": "https://www.googleapis.com/compute/v1/projects/ubuntu-os-cloud/global/images/ubuntu-1604-xenial-v20190514",
                            "boot_disk.0.initialize_params.0.size": "10",
                            "boot_disk.0.initialize_params.0.type": "pd-standard",
                            "boot_disk.0.source": "https://www.googleapis.com/compute/v1/projects/docker-239621/zones/europe-west1-c/disks/gitlab-ci",
                            "can_ip_forward": "false",
                            "cpu_platform": "Intel Haswell",
                            "deletion_protection": "false",
                            "guest_accelerator.#": "0",
                            "hostname": "",
                            "id": "gitlab-ci",
                            "instance_id": "2676254550217882053",
                            "label_fingerprint": "42WmSpB8rSM=",
                            "labels.%": "0",
                            "machine_type": "n1-standard-1",
                            "metadata.%": "1",
                            "metadata.ssh-keys": "appuser:ssh-rsa AAAAB3NzaC1yc2EAAAADAQABAAABAQC+S78aBgmp6uF+1fLCfozlCcliYXn8AieUfRTvyRWfPyuHWijt2ZfQVYcP7lHX5WOXgFU016oU0pwtbG9v8UHxwUkgdwS2UTwWiU65Uo1rR/WuDBNgWbNNj+8cpL8SnqggbPMwLTFF2LEixYfGbh11Q0E71U+NTjPbhXpNVYZ9dFDt4MJjUdpKnTKg1o1p10HYJbLRaJGeWfr0+dmn2AYwSJu9RU/rnRy7svF/ct6EViUOglZOJCJtn6xvteM/svB9vVgmpEvd96F1Kqfhgi8qxUvSd62O/iiYWLOD+QOdbqgTgWB4e7kujjwry+0HcjOtWL+eDb+Fhb0Lo9RbEbCR olegdanilov@Olegs-MacBook-Pro.local\n",
                            "metadata_fingerprint": "rgc7vJelur4=",
                            "metadata_startup_script": "",
                            "min_cpu_platform": "",
                            "name": "gitlab-ci",
                            "network_interface.#": "1",
                            "network_interface.0.access_config.#": "1",
                            "network_interface.0.access_config.0.assigned_nat_ip": "",
                            "network_interface.0.access_config.0.nat_ip": "34.76.230.23",
                            "network_interface.0.access_config.0.network_tier": "PREMIUM",
                            "network_interface.0.access_config.0.public_ptr_domain_name": "",
                            "network_interface.0.address": "",
                            "network_interface.0.alias_ip_range.#": "0",
                            "network_interface.0.name": "nic0",
                            "network_interface.0.network": "https://www.googleapis.com/compute/v1/projects/docker-239621/global/networks/default",
                            "network_interface.0.network_ip": "10.132.0.6",
                            "network_interface.0.subnetwork": "https://www.googleapis.com/compute/v1/projects/docker-239621/regions/europe-west1/subnetworks/default",
                            "network_interface.0.subnetwork_project": "docker-239621",
                            "project": "docker-239621",
                            "scheduling.#": "1",
                            "scheduling.0.automatic_restart": "true",
                            "scheduling.0.on_host_maintenance": "MIGRATE",
                            "scheduling.0.preemptible": "false",
                            "scratch_disk.#": "0",
                            "self_link": "https://www.googleapis.com/compute/v1/projects/docker-239621/zones/europe-west1-c/instances/gitlab-ci",
                            "service_account.#": "0",
                            "tags.#": "1",
                            "tags.166210836": "gitlab-ci",
                            "tags_fingerprint": "L3jhbYx0LS0=",
                            "zone": "europe-west1-c"
                        },
                        "meta": {
                            "e2bfb730-ecaa-11e6-8f88-34363bc7c4c0": {
                                "create": 360000000000,
                                "delete": 360000000000,
                                "update": 360000000000
                            },
                            "schema_version": "6"
                        },
                        "tainted": false
                    },
                    "deposed": [],
                    "provider": "provider.google"
                }
            },
            "depends_on": []
        }
    ]
}
